
Microsoft Visual Studio Solution File, Format Version 12.00
# Visual Studio Version 17
VisualStudioVersion = 17.3.32819.101
MinimumVisualStudioVersion = 10.0.40219.1
Project("{9A19103F-16F7-4668-BE54-9A1E7A4F7556}") = "TheOmenDen.CrowsAgainstHumility.Core", "TheOmenDen.CrowsAgainstHumility.Core\TheOmenDen.CrowsAgainstHumility.Core.csproj", "{33A96849-2505-4942-9894-91DEC887211A}"
EndProject
Project("{9A19103F-16F7-4668-BE54-9A1E7A4F7556}") = "TheOmenDen.CrowsAgainstHumility.Data", "TheOmenDen.CrowsAgainstHumility.Data\TheOmenDen.CrowsAgainstHumility.Data.csproj", "{5329E6DE-9A65-45DF-A703-4E1AB1BDA746}"
EndProject
Project("{9A19103F-16F7-4668-BE54-9A1E7A4F7556}") = "TheOmenDen.CrowsAgainstHumility.Twitch", "TheOmenDen.CrowsAgainstHumility.Twitch\TheOmenDen.CrowsAgainstHumility.Twitch.csproj", "{FD26882B-2C46-4A2E-8E58-DE6C033478A2}"
EndProject
Project("{9A19103F-16F7-4668-BE54-9A1E7A4F7556}") = "TheOmenDen.CrowsAgainstHumility.Azure.Redis", "TheOmenDen.CrowsAgainstHumility.Redis\TheOmenDen.CrowsAgainstHumility.Azure.Redis.csproj", "{29CB4C60-83B9-4050-B82C-946E74F77426}"
EndProject
Project("{9A19103F-16F7-4668-BE54-9A1E7A4F7556}") = "TheOmenDen.CrowsAgainstHumility", "TheOmenDen.CrowsAgainstHumility.UI\TheOmenDen.CrowsAgainstHumility.csproj", "{BAC1CA9F-4D15-4B4C-AEB4-3C6D27153BCA}"
EndProject
Project("{9A19103F-16F7-4668-BE54-9A1E7A4F7556}") = "TheOmenDen.CrowsAgainstHumility.Identity", "TheOmenDen.CrowsAgainstHumility.Identity\TheOmenDen.CrowsAgainstHumility.Identity.csproj", "{0E13C0DD-9E37-4027-8548-CCFBFF867EA2}"
EndProject
Project("{9A19103F-16F7-4668-BE54-9A1E7A4F7556}") = "TheOmenDen.CrowsAgainstHumility.Email", "TheOmenDen.CrowsAgainstHumility.Email\TheOmenDen.CrowsAgainstHumility.Email.csproj", "{B6AE13CE-FECC-4890-A6CD-F5BC47F404B7}"
EndProject
Project("{9A19103F-16F7-4668-BE54-9A1E7A4F7556}") = "TheOmenDen.CrowsAgainstHumility.Discord", "TheOmenDen.CrowsAgainstHumility.Discord\TheOmenDen.CrowsAgainstHumility.Discord.csproj", "{4334E95E-4C2E-4D9A-98E4-C79DCF9B54F9}"
EndProject
Project("{9A19103F-16F7-4668-BE54-9A1E7A4F7556}") = "TheOmenDen.CrowsAgainstHumility.Azure.Storage", "TheOmenDen.CrowsAgainstHumility.Azure.Storage\TheOmenDen.CrowsAgainstHumility.Azure.Storage.csproj", "{5E3B7682-5862-45E4-BC1D-5F695AC747C3}"
EndProject
Project("{9A19103F-16F7-4668-BE54-9A1E7A4F7556}") = "TheOmenDen.CrowsAgainstHumility.Azure.SignalR", "TheOmenDen.CrowsAgainstHumility.Azure.SignalR\TheOmenDen.CrowsAgainstHumility.Azure.SignalR.csproj", "{04996DEF-BE52-4159-96D7-6AADF8FE4339}"
EndProject
Project("{9A19103F-16F7-4668-BE54-9A1E7A4F7556}") = "TheOmenDen.CrowsAgainstHumility.Azure.CosmosDb", "TheOmenDen.CrowsAgainstHumility.Azure.CosmosDb\TheOmenDen.CrowsAgainstHumility.Azure.CosmosDb.csproj", "{6428D50E-362E-4644-9FD0-6392D2CD432D}"
EndProject
Project("{9A19103F-16F7-4668-BE54-9A1E7A4F7556}") = "TheOmenDen.CrowsAgainstHumility.Core.DTO", "TheOmenDen.CrowsAgainstHumility.Core.DTO\TheOmenDen.CrowsAgainstHumility.Core.DTO.csproj", "{B2130DAA-B185-48DD-8B83-39AA4E26FFF7}"
EndProject
Project("{9A19103F-16F7-4668-BE54-9A1E7A4F7556}") = "TheOmenDen.CrowsAgainstHumility.Core.Transformation", "TheOmenDen.CrowsAgainstHumility.Core.Transformation\TheOmenDen.CrowsAgainstHumility.Core.Transformation.csproj", "{59733C28-D9C0-4C91-BFB9-8E9EEBA00AB6}"
EndProject
Project("{9A19103F-16F7-4668-BE54-9A1E7A4F7556}") = "TheOmenDen.CrowsAgainstHumility.Core.DAO", "TheOmenDen.CrowsAgainstHumility.Core.DAO\TheOmenDen.CrowsAgainstHumility.Core.DAO.csproj", "{885FF602-DCF3-4662-BF0C-5A1A9646B231}"
EndProject
Project("{9A19103F-16F7-4668-BE54-9A1E7A4F7556}") = "TheOmenDen.CrowsAgainstHumility.Core.Engine", "TheOmenDen.CrowsAgainstHumility.Core.Engine\TheOmenDen.CrowsAgainstHumility.Core.Engine.csproj", "{E9977CB8-8FED-40D2-ACC1-68B17DB354B5}"
EndProject
Project("{9A19103F-16F7-4668-BE54-9A1E7A4F7556}") = "TheOmenDen.CrowsAgainstHumility.Azure.ServiceBus", "TheOmenDen.CrowsAgainstHumility.Azure.ServiceBus\TheOmenDen.CrowsAgainstHumility.Azure.ServiceBus.csproj", "{31DE6CE8-23E1-4481-AD2D-21DE3482B420}"
EndProject
Global
	GlobalSection(SolutionConfigurationPlatforms) = preSolution
		Debug|Any CPU = Debug|Any CPU
		Release|Any CPU = Release|Any CPU
	EndGlobalSection
	GlobalSection(ProjectConfigurationPlatforms) = postSolution
		{33A96849-2505-4942-9894-91DEC887211A}.Debug|Any CPU.ActiveCfg = Debug|Any CPU
		{33A96849-2505-4942-9894-91DEC887211A}.Debug|Any CPU.Build.0 = Debug|Any CPU
		{33A96849-2505-4942-9894-91DEC887211A}.Release|Any CPU.ActiveCfg = Release|Any CPU
		{33A96849-2505-4942-9894-91DEC887211A}.Release|Any CPU.Build.0 = Release|Any CPU
		{5329E6DE-9A65-45DF-A703-4E1AB1BDA746}.Debug|Any CPU.ActiveCfg = Debug|Any CPU
		{5329E6DE-9A65-45DF-A703-4E1AB1BDA746}.Debug|Any CPU.Build.0 = Debug|Any CPU
		{5329E6DE-9A65-45DF-A703-4E1AB1BDA746}.Release|Any CPU.ActiveCfg = Release|Any CPU
		{5329E6DE-9A65-45DF-A703-4E1AB1BDA746}.Release|Any CPU.Build.0 = Release|Any CPU
		{FD26882B-2C46-4A2E-8E58-DE6C033478A2}.Debug|Any CPU.ActiveCfg = Debug|Any CPU
		{FD26882B-2C46-4A2E-8E58-DE6C033478A2}.Debug|Any CPU.Build.0 = Debug|Any CPU
		{FD26882B-2C46-4A2E-8E58-DE6C033478A2}.Release|Any CPU.ActiveCfg = Release|Any CPU
		{FD26882B-2C46-4A2E-8E58-DE6C033478A2}.Release|Any CPU.Build.0 = Release|Any CPU
		{29CB4C60-83B9-4050-B82C-946E74F77426}.Debug|Any CPU.ActiveCfg = Debug|Any CPU
		{29CB4C60-83B9-4050-B82C-946E74F77426}.Debug|Any CPU.Build.0 = Debug|Any CPU
		{29CB4C60-83B9-4050-B82C-946E74F77426}.Release|Any CPU.ActiveCfg = Release|Any CPU
		{29CB4C60-83B9-4050-B82C-946E74F77426}.Release|Any CPU.Build.0 = Release|Any CPU
		{BAC1CA9F-4D15-4B4C-AEB4-3C6D27153BCA}.Debug|Any CPU.ActiveCfg = Debug|Any CPU
		{BAC1CA9F-4D15-4B4C-AEB4-3C6D27153BCA}.Debug|Any CPU.Build.0 = Debug|Any CPU
		{BAC1CA9F-4D15-4B4C-AEB4-3C6D27153BCA}.Release|Any CPU.ActiveCfg = Release|Any CPU
		{BAC1CA9F-4D15-4B4C-AEB4-3C6D27153BCA}.Release|Any CPU.Build.0 = Release|Any CPU
		{0E13C0DD-9E37-4027-8548-CCFBFF867EA2}.Debug|Any CPU.ActiveCfg = Debug|Any CPU
		{0E13C0DD-9E37-4027-8548-CCFBFF867EA2}.Debug|Any CPU.Build.0 = Debug|Any CPU
		{0E13C0DD-9E37-4027-8548-CCFBFF867EA2}.Release|Any CPU.ActiveCfg = Release|Any CPU
		{0E13C0DD-9E37-4027-8548-CCFBFF867EA2}.Release|Any CPU.Build.0 = Release|Any CPU
		{B6AE13CE-FECC-4890-A6CD-F5BC47F404B7}.Debug|Any CPU.ActiveCfg = Debug|Any CPU
		{B6AE13CE-FECC-4890-A6CD-F5BC47F404B7}.Debug|Any CPU.Build.0 = Debug|Any CPU
		{B6AE13CE-FECC-4890-A6CD-F5BC47F404B7}.Release|Any CPU.ActiveCfg = Release|Any CPU
		{B6AE13CE-FECC-4890-A6CD-F5BC47F404B7}.Release|Any CPU.Build.0 = Release|Any CPU
		{4334E95E-4C2E-4D9A-98E4-C79DCF9B54F9}.Debug|Any CPU.ActiveCfg = Debug|Any CPU
		{4334E95E-4C2E-4D9A-98E4-C79DCF9B54F9}.Debug|Any CPU.Build.0 = Debug|Any CPU
		{4334E95E-4C2E-4D9A-98E4-C79DCF9B54F9}.Release|Any CPU.ActiveCfg = Release|Any CPU
		{4334E95E-4C2E-4D9A-98E4-C79DCF9B54F9}.Release|Any CPU.Build.0 = Release|Any CPU
		{5E3B7682-5862-45E4-BC1D-5F695AC747C3}.Debug|Any CPU.ActiveCfg = Debug|Any CPU
		{5E3B7682-5862-45E4-BC1D-5F695AC747C3}.Debug|Any CPU.Build.0 = Debug|Any CPU
		{5E3B7682-5862-45E4-BC1D-5F695AC747C3}.Release|Any CPU.ActiveCfg = Release|Any CPU
		{5E3B7682-5862-45E4-BC1D-5F695AC747C3}.Release|Any CPU.Build.0 = Release|Any CPU
		{04996DEF-BE52-4159-96D7-6AADF8FE4339}.Debug|Any CPU.ActiveCfg = Debug|Any CPU
		{04996DEF-BE52-4159-96D7-6AADF8FE4339}.Debug|Any CPU.Build.0 = Debug|Any CPU
		{04996DEF-BE52-4159-96D7-6AADF8FE4339}.Release|Any CPU.ActiveCfg = Release|Any CPU
		{04996DEF-BE52-4159-96D7-6AADF8FE4339}.Release|Any CPU.Build.0 = Release|Any CPU
		{6428D50E-362E-4644-9FD0-6392D2CD432D}.Debug|Any CPU.ActiveCfg = Debug|Any CPU
		{6428D50E-362E-4644-9FD0-6392D2CD432D}.Debug|Any CPU.Build.0 = Debug|Any CPU
		{6428D50E-362E-4644-9FD0-6392D2CD432D}.Release|Any CPU.ActiveCfg = Release|Any CPU
		{6428D50E-362E-4644-9FD0-6392D2CD432D}.Release|Any CPU.Build.0 = Release|Any CPU
		{B2130DAA-B185-48DD-8B83-39AA4E26FFF7}.Debug|Any CPU.ActiveCfg = Debug|Any CPU
		{B2130DAA-B185-48DD-8B83-39AA4E26FFF7}.Debug|Any CPU.Build.0 = Debug|Any CPU
		{B2130DAA-B185-48DD-8B83-39AA4E26FFF7}.Release|Any CPU.ActiveCfg = Release|Any CPU
		{B2130DAA-B185-48DD-8B83-39AA4E26FFF7}.Release|Any CPU.Build.0 = Release|Any CPU
		{59733C28-D9C0-4C91-BFB9-8E9EEBA00AB6}.Debug|Any CPU.ActiveCfg = Debug|Any CPU
		{59733C28-D9C0-4C91-BFB9-8E9EEBA00AB6}.Debug|Any CPU.Build.0 = Debug|Any CPU
		{59733C28-D9C0-4C91-BFB9-8E9EEBA00AB6}.Release|Any CPU.ActiveCfg = Release|Any CPU
		{59733C28-D9C0-4C91-BFB9-8E9EEBA00AB6}.Release|Any CPU.Build.0 = Release|Any CPU
		{885FF602-DCF3-4662-BF0C-5A1A9646B231}.Debug|Any CPU.ActiveCfg = Debug|Any CPU
		{885FF602-DCF3-4662-BF0C-5A1A9646B231}.Debug|Any CPU.Build.0 = Debug|Any CPU
		{885FF602-DCF3-4662-BF0C-5A1A9646B231}.Release|Any CPU.ActiveCfg = Release|Any CPU
		{885FF602-DCF3-4662-BF0C-5A1A9646B231}.Release|Any CPU.Build.0 = Release|Any CPU
		{E9977CB8-8FED-40D2-ACC1-68B17DB354B5}.Debug|Any CPU.ActiveCfg = Debug|Any CPU
		{E9977CB8-8FED-40D2-ACC1-68B17DB354B5}.Debug|Any CPU.Build.0 = Debug|Any CPU
		{E9977CB8-8FED-40D2-ACC1-68B17DB354B5}.Release|Any CPU.ActiveCfg = Release|Any CPU
		{E9977CB8-8FED-40D2-ACC1-68B17DB354B5}.Release|Any CPU.Build.0 = Release|Any CPU
		{31DE6CE8-23E1-4481-AD2D-21DE3482B420}.Debug|Any CPU.ActiveCfg = Debug|Any CPU
		{31DE6CE8-23E1-4481-AD2D-21DE3482B420}.Debug|Any CPU.Build.0 = Debug|Any CPU
		{31DE6CE8-23E1-4481-AD2D-21DE3482B420}.Release|Any CPU.ActiveCfg = Release|Any CPU
		{31DE6CE8-23E1-4481-AD2D-21DE3482B420}.Release|Any CPU.Build.0 = Release|Any CPU
	EndGlobalSection
	GlobalSection(SolutionProperties) = preSolution
		HideSolutionNode = FALSE
	EndGlobalSection
	GlobalSection(ExtensibilityGlobals) = postSolution
		SolutionGuid = {BAA177ED-8CD8-440B-AD00-A258E06EAB3C}
	EndGlobalSection
EndGlobal
