
Microsoft Visual Studio Solution File, Format Version 12.00
# Visual Studio Version 17
VisualStudioVersion = 17.3.32819.101
MinimumVisualStudioVersion = 10.0.40219.1
Project("{FAE04EC0-301F-11D3-BF4B-00C04F79EFBC}") = "TheOmenDen.CrowsAgainstHumility", "TheOmenDen.CrowsAgainstHumility.csproj", "{9125903F-0F81-4A28-A647-85DE55B1058F}"
EndProject
Global
	GlobalSection(SolutionConfigurationPlatforms) = preSolution
		Debug|Any CPU = Debug|Any CPU
		Release|Any CPU = Release|Any CPU
	EndGlobalSection
	GlobalSection(ProjectConfigurationPlatforms) = postSolution
		{9125903F-0F81-4A28-A647-85DE55B1058F}.Debug|Any CPU.ActiveCfg = Debug|Any CPU
		{9125903F-0F81-4A28-A647-85DE55B1058F}.Debug|Any CPU.Build.0 = Debug|Any CPU
		{9125903F-0F81-4A28-A647-85DE55B1058F}.Release|Any CPU.ActiveCfg = Release|Any CPU
		{9125903F-0F81-4A28-A647-85DE55B1058F}.Release|Any CPU.Build.0 = Release|Any CPU
	EndGlobalSection
	GlobalSection(SolutionProperties) = preSolution
		HideSolutionNode = FALSE
	EndGlobalSection
	GlobalSection(ExtensibilityGlobals) = postSolution
		SolutionGuid = {BAA177ED-8CD8-440B-AD00-A258E06EAB3C}
	EndGlobalSection
EndGlobal
