
Microsoft Visual Studio Solution File, Format Version 12.00
# Visual Studio Version 17
VisualStudioVersion = 17.3.32819.101
MinimumVisualStudioVersion = 10.0.40219.1
Project("{9A19103F-16F7-4668-BE54-9A1E7A4F7556}") = "TheOmenDen.CrowsAgainstHumility.United", "TheOmenDen.CrowsAgainstHumility.United\TheOmenDen.CrowsAgainstHumility.United\TheOmenDen.CrowsAgainstHumility.United.csproj", "{2CA83E62-550F-415D-84BC-0BF83142CEAC}"
EndProject
Project("{9A19103F-16F7-4668-BE54-9A1E7A4F7556}") = "TheOmenDen.CrowsAgainstHumility.United.Client", "TheOmenDen.CrowsAgainstHumility.United\TheOmenDen.CrowsAgainstHumility.United.Client\TheOmenDen.CrowsAgainstHumility.United.Client.csproj", "{F6DF28E1-3396-4F90-A110-13DF9D28D32B}"
EndProject
Project("{FAE04EC0-301F-11D3-BF4B-00C04F79EFBC}") = "TheOmenDen.CrowsAgainstHumility.AppHost", "TheOmenDen.CrowsAgainstHumility.AppHost\TheOmenDen.CrowsAgainstHumility.AppHost.csproj", "{32DFB54B-1E54-4A03-9558-B51A2DB57C86}"
EndProject
Project("{9A19103F-16F7-4668-BE54-9A1E7A4F7556}") = "TheOmenDen.CrowsAgainstHumility.ServiceDefaults", "TheOmenDen.CrowsAgainstHumility.ServiceDefaults\TheOmenDen.CrowsAgainstHumility.ServiceDefaults.csproj", "{F5D8BBDC-7C48-4241-A62E-DA02868201F0}"
EndProject
Project("{9A19103F-16F7-4668-BE54-9A1E7A4F7556}") = "TheOmenDen.CrowsAgainstHumility.Api", "TheOmenDen.CrowsAgainstHumility.Api\TheOmenDen.CrowsAgainstHumility.Api.csproj", "{8077224D-F74D-487A-9A0C-7EE748CBE89D}"
EndProject
Project("{FAE04EC0-301F-11D3-BF4B-00C04F79EFBC}") = "TheOmenDen.CrowsAgainstHumility.Core", "TheOmenDen.CrowsAgainstHumility.Core\TheOmenDen.CrowsAgainstHumility.Core.csproj", "{E5014FE3-D621-40D6-BC80-EFE88DADD258}"
EndProject
Project("{FAE04EC0-301F-11D3-BF4B-00C04F79EFBC}") = "TheOmenDen.CrowsAgainstHumility.Data", "TheOmenDen.CrowsAgainstHumility.Data\TheOmenDen.CrowsAgainstHumility.Data.csproj", "{97E82A67-EB52-4082-8BBB-25F62AE76E27}"
EndProject
Global
	GlobalSection(SolutionConfigurationPlatforms) = preSolution
		Debug|Any CPU = Debug|Any CPU
		Release|Any CPU = Release|Any CPU
	EndGlobalSection
	GlobalSection(ProjectConfigurationPlatforms) = postSolution
		{2CA83E62-550F-415D-84BC-0BF83142CEAC}.Debug|Any CPU.ActiveCfg = Debug|Any CPU
		{2CA83E62-550F-415D-84BC-0BF83142CEAC}.Debug|Any CPU.Build.0 = Debug|Any CPU
		{2CA83E62-550F-415D-84BC-0BF83142CEAC}.Release|Any CPU.ActiveCfg = Release|Any CPU
		{2CA83E62-550F-415D-84BC-0BF83142CEAC}.Release|Any CPU.Build.0 = Release|Any CPU
		{F6DF28E1-3396-4F90-A110-13DF9D28D32B}.Debug|Any CPU.ActiveCfg = Debug|Any CPU
		{F6DF28E1-3396-4F90-A110-13DF9D28D32B}.Debug|Any CPU.Build.0 = Debug|Any CPU
		{F6DF28E1-3396-4F90-A110-13DF9D28D32B}.Release|Any CPU.ActiveCfg = Release|Any CPU
		{F6DF28E1-3396-4F90-A110-13DF9D28D32B}.Release|Any CPU.Build.0 = Release|Any CPU
		{32DFB54B-1E54-4A03-9558-B51A2DB57C86}.Debug|Any CPU.ActiveCfg = Debug|Any CPU
		{32DFB54B-1E54-4A03-9558-B51A2DB57C86}.Debug|Any CPU.Build.0 = Debug|Any CPU
		{32DFB54B-1E54-4A03-9558-B51A2DB57C86}.Release|Any CPU.ActiveCfg = Release|Any CPU
		{32DFB54B-1E54-4A03-9558-B51A2DB57C86}.Release|Any CPU.Build.0 = Release|Any CPU
		{F5D8BBDC-7C48-4241-A62E-DA02868201F0}.Debug|Any CPU.ActiveCfg = Debug|Any CPU
		{F5D8BBDC-7C48-4241-A62E-DA02868201F0}.Debug|Any CPU.Build.0 = Debug|Any CPU
		{F5D8BBDC-7C48-4241-A62E-DA02868201F0}.Release|Any CPU.ActiveCfg = Release|Any CPU
		{F5D8BBDC-7C48-4241-A62E-DA02868201F0}.Release|Any CPU.Build.0 = Release|Any CPU
		{8077224D-F74D-487A-9A0C-7EE748CBE89D}.Debug|Any CPU.ActiveCfg = Debug|Any CPU
		{8077224D-F74D-487A-9A0C-7EE748CBE89D}.Debug|Any CPU.Build.0 = Debug|Any CPU
		{8077224D-F74D-487A-9A0C-7EE748CBE89D}.Release|Any CPU.ActiveCfg = Release|Any CPU
		{8077224D-F74D-487A-9A0C-7EE748CBE89D}.Release|Any CPU.Build.0 = Release|Any CPU
		{E5014FE3-D621-40D6-BC80-EFE88DADD258}.Debug|Any CPU.ActiveCfg = Debug|Any CPU
		{E5014FE3-D621-40D6-BC80-EFE88DADD258}.Debug|Any CPU.Build.0 = Debug|Any CPU
		{E5014FE3-D621-40D6-BC80-EFE88DADD258}.Release|Any CPU.ActiveCfg = Release|Any CPU
		{E5014FE3-D621-40D6-BC80-EFE88DADD258}.Release|Any CPU.Build.0 = Release|Any CPU
		{97E82A67-EB52-4082-8BBB-25F62AE76E27}.Debug|Any CPU.ActiveCfg = Debug|Any CPU
		{97E82A67-EB52-4082-8BBB-25F62AE76E27}.Debug|Any CPU.Build.0 = Debug|Any CPU
		{97E82A67-EB52-4082-8BBB-25F62AE76E27}.Release|Any CPU.ActiveCfg = Release|Any CPU
		{97E82A67-EB52-4082-8BBB-25F62AE76E27}.Release|Any CPU.Build.0 = Release|Any CPU
	EndGlobalSection
	GlobalSection(SolutionProperties) = preSolution
		HideSolutionNode = FALSE
	EndGlobalSection
	GlobalSection(ExtensibilityGlobals) = postSolution
		SolutionGuid = {BAA177ED-8CD8-440B-AD00-A258E06EAB3C}
	EndGlobalSection
EndGlobal
